
Microsoft Visual Studio Solution File, Format Version 12.00
# Visual Studio Version 17
VisualStudioVersion = 17.11.35327.3
MinimumVisualStudioVersion = 10.0.40219.1
Project("{FAE04EC0-301F-11D3-BF4B-00C04F79EFBC}") = "ICA7 - CMPE1300", "ICA7 - CMPE1300\ICA7 - CMPE1300.csproj", "{7BB8A944-7A55-47E1-A9F6-9CDC269ABD30}"
EndProject
Global
	GlobalSection(SolutionConfigurationPlatforms) = preSolution
		Debug|Any CPU = Debug|Any CPU
		Release|Any CPU = Release|Any CPU
	EndGlobalSection
	GlobalSection(ProjectConfigurationPlatforms) = postSolution
		{7BB8A944-7A55-47E1-A9F6-9CDC269ABD30}.Debug|Any CPU.ActiveCfg = Debug|Any CPU
		{7BB8A944-7A55-47E1-A9F6-9CDC269ABD30}.Debug|Any CPU.Build.0 = Debug|Any CPU
		{7BB8A944-7A55-47E1-A9F6-9CDC269ABD30}.Release|Any CPU.ActiveCfg = Release|Any CPU
		{7BB8A944-7A55-47E1-A9F6-9CDC269ABD30}.Release|Any CPU.Build.0 = Release|Any CPU
	EndGlobalSection
	GlobalSection(SolutionProperties) = preSolution
		HideSolutionNode = FALSE
	EndGlobalSection
	GlobalSection(ExtensibilityGlobals) = postSolution
		SolutionGuid = {9BF7F189-4DED-44D2-86C7-D57B5A191686}
	EndGlobalSection
EndGlobal
