
Microsoft Visual Studio Solution File, Format Version 12.00
# Visual Studio Version 17
VisualStudioVersion = 17.11.35219.272
MinimumVisualStudioVersion = 10.0.40219.1
Project("{FAE04EC0-301F-11D3-BF4B-00C04F79EFBC}") = "myfirstproject (maybe", "myfirstproject (maybe\myfirstproject (maybe.csproj", "{31A13812-D7A4-4143-B81C-22CAF4035B01}"
EndProject
Global
	GlobalSection(SolutionConfigurationPlatforms) = preSolution
		Debug|Any CPU = Debug|Any CPU
		Release|Any CPU = Release|Any CPU
	EndGlobalSection
	GlobalSection(ProjectConfigurationPlatforms) = postSolution
		{31A13812-D7A4-4143-B81C-22CAF4035B01}.Debug|Any CPU.ActiveCfg = Debug|Any CPU
		{31A13812-D7A4-4143-B81C-22CAF4035B01}.Debug|Any CPU.Build.0 = Debug|Any CPU
		{31A13812-D7A4-4143-B81C-22CAF4035B01}.Release|Any CPU.ActiveCfg = Release|Any CPU
		{31A13812-D7A4-4143-B81C-22CAF4035B01}.Release|Any CPU.Build.0 = Release|Any CPU
	EndGlobalSection
	GlobalSection(SolutionProperties) = preSolution
		HideSolutionNode = FALSE
	EndGlobalSection
	GlobalSection(ExtensibilityGlobals) = postSolution
		SolutionGuid = {203336CC-D7E8-4D1C-ACB1-C4AE2C20A806}
	EndGlobalSection
EndGlobal
