
Microsoft Visual Studio Solution File, Format Version 12.00
# Visual Studio Version 17
VisualStudioVersion = 17.11.35312.102
MinimumVisualStudioVersion = 10.0.40219.1
Project("{FAE04EC0-301F-11D3-BF4B-00C04F79EFBC}") = "CMPE1300 - Lab 1", "CMPE1300 - Lab 1\CMPE1300 - Lab 1.csproj", "{5AF75D8F-56AF-454F-BC9E-1BCEFBA062F9}"
EndProject
Global
	GlobalSection(SolutionConfigurationPlatforms) = preSolution
		Debug|Any CPU = Debug|Any CPU
		Release|Any CPU = Release|Any CPU
	EndGlobalSection
	GlobalSection(ProjectConfigurationPlatforms) = postSolution
		{5AF75D8F-56AF-454F-BC9E-1BCEFBA062F9}.Debug|Any CPU.ActiveCfg = Debug|Any CPU
		{5AF75D8F-56AF-454F-BC9E-1BCEFBA062F9}.Debug|Any CPU.Build.0 = Debug|Any CPU
		{5AF75D8F-56AF-454F-BC9E-1BCEFBA062F9}.Release|Any CPU.ActiveCfg = Release|Any CPU
		{5AF75D8F-56AF-454F-BC9E-1BCEFBA062F9}.Release|Any CPU.Build.0 = Release|Any CPU
	EndGlobalSection
	GlobalSection(SolutionProperties) = preSolution
		HideSolutionNode = FALSE
	EndGlobalSection
	GlobalSection(ExtensibilityGlobals) = postSolution
		SolutionGuid = {6C0984B6-098C-4EE9-B6AC-C61DD6301364}
	EndGlobalSection
EndGlobal
