
Microsoft Visual Studio Solution File, Format Version 12.00
# Visual Studio Version 17
VisualStudioVersion = 17.11.35312.102
MinimumVisualStudioVersion = 10.0.40219.1
Project("{FAE04EC0-301F-11D3-BF4B-00C04F79EFBC}") = "Guess the number game", "Guess the number game\Guess the number game.csproj", "{A3BF06D2-0C95-4F88-8B48-A080C5591679}"
EndProject
Global
	GlobalSection(SolutionConfigurationPlatforms) = preSolution
		Debug|Any CPU = Debug|Any CPU
		Release|Any CPU = Release|Any CPU
	EndGlobalSection
	GlobalSection(ProjectConfigurationPlatforms) = postSolution
		{A3BF06D2-0C95-4F88-8B48-A080C5591679}.Debug|Any CPU.ActiveCfg = Debug|Any CPU
		{A3BF06D2-0C95-4F88-8B48-A080C5591679}.Debug|Any CPU.Build.0 = Debug|Any CPU
		{A3BF06D2-0C95-4F88-8B48-A080C5591679}.Release|Any CPU.ActiveCfg = Release|Any CPU
		{A3BF06D2-0C95-4F88-8B48-A080C5591679}.Release|Any CPU.Build.0 = Release|Any CPU
	EndGlobalSection
	GlobalSection(SolutionProperties) = preSolution
		HideSolutionNode = FALSE
	EndGlobalSection
	GlobalSection(ExtensibilityGlobals) = postSolution
		SolutionGuid = {8F3259BF-4F81-4144-B2CB-25652437106C}
	EndGlobalSection
EndGlobal
