
Microsoft Visual Studio Solution File, Format Version 12.00
# Visual Studio Version 17
VisualStudioVersion = 17.11.35303.130
MinimumVisualStudioVersion = 10.0.40219.1
Project("{FAE04EC0-301F-11D3-BF4B-00C04F79EFBC}") = "lecture5", "lecture5\lecture5.csproj", "{FCE7B9CD-DFBD-4C22-9566-0A460ADE35D5}"
EndProject
Global
	GlobalSection(SolutionConfigurationPlatforms) = preSolution
		Debug|Any CPU = Debug|Any CPU
		Release|Any CPU = Release|Any CPU
	EndGlobalSection
	GlobalSection(ProjectConfigurationPlatforms) = postSolution
		{FCE7B9CD-DFBD-4C22-9566-0A460ADE35D5}.Debug|Any CPU.ActiveCfg = Debug|Any CPU
		{FCE7B9CD-DFBD-4C22-9566-0A460ADE35D5}.Debug|Any CPU.Build.0 = Debug|Any CPU
		{FCE7B9CD-DFBD-4C22-9566-0A460ADE35D5}.Release|Any CPU.ActiveCfg = Release|Any CPU
		{FCE7B9CD-DFBD-4C22-9566-0A460ADE35D5}.Release|Any CPU.Build.0 = Release|Any CPU
	EndGlobalSection
	GlobalSection(SolutionProperties) = preSolution
		HideSolutionNode = FALSE
	EndGlobalSection
	GlobalSection(ExtensibilityGlobals) = postSolution
		SolutionGuid = {5E3BEB35-97D6-48C7-BE74-AE3E0F4CE024}
	EndGlobalSection
EndGlobal
