
Microsoft Visual Studio Solution File, Format Version 12.00
# Visual Studio Version 17
VisualStudioVersion = 17.11.35327.3
MinimumVisualStudioVersion = 10.0.40219.1
Project("{FAE04EC0-301F-11D3-BF4B-00C04F79EFBC}") = "ICA8Ithink", "ICA8Ithink\ICA8Ithink.csproj", "{BFF00B4D-5EC6-4935-AFE6-E9F0D09F0DEC}"
EndProject
Global
	GlobalSection(SolutionConfigurationPlatforms) = preSolution
		Debug|Any CPU = Debug|Any CPU
		Release|Any CPU = Release|Any CPU
	EndGlobalSection
	GlobalSection(ProjectConfigurationPlatforms) = postSolution
		{BFF00B4D-5EC6-4935-AFE6-E9F0D09F0DEC}.Debug|Any CPU.ActiveCfg = Debug|Any CPU
		{BFF00B4D-5EC6-4935-AFE6-E9F0D09F0DEC}.Debug|Any CPU.Build.0 = Debug|Any CPU
		{BFF00B4D-5EC6-4935-AFE6-E9F0D09F0DEC}.Release|Any CPU.ActiveCfg = Release|Any CPU
		{BFF00B4D-5EC6-4935-AFE6-E9F0D09F0DEC}.Release|Any CPU.Build.0 = Release|Any CPU
	EndGlobalSection
	GlobalSection(SolutionProperties) = preSolution
		HideSolutionNode = FALSE
	EndGlobalSection
	GlobalSection(ExtensibilityGlobals) = postSolution
		SolutionGuid = {97E1FDF7-733A-4722-8731-5F9169F8CF26}
	EndGlobalSection
EndGlobal
