
Microsoft Visual Studio Solution File, Format Version 12.00
# Visual Studio Version 17
VisualStudioVersion = 17.11.35222.181
MinimumVisualStudioVersion = 10.0.40219.1
Project("{FAE04EC0-301F-11D3-BF4B-00C04F79EFBC}") = "first demoman of 3rd lecture", "first demoman of 3rd lecture\first demoman of 3rd lecture.csproj", "{05393FFD-AB20-4BC3-9580-48DFD28EB6DE}"
EndProject
Global
	GlobalSection(SolutionConfigurationPlatforms) = preSolution
		Debug|Any CPU = Debug|Any CPU
		Release|Any CPU = Release|Any CPU
	EndGlobalSection
	GlobalSection(ProjectConfigurationPlatforms) = postSolution
		{05393FFD-AB20-4BC3-9580-48DFD28EB6DE}.Debug|Any CPU.ActiveCfg = Debug|Any CPU
		{05393FFD-AB20-4BC3-9580-48DFD28EB6DE}.Debug|Any CPU.Build.0 = Debug|Any CPU
		{05393FFD-AB20-4BC3-9580-48DFD28EB6DE}.Release|Any CPU.ActiveCfg = Release|Any CPU
		{05393FFD-AB20-4BC3-9580-48DFD28EB6DE}.Release|Any CPU.Build.0 = Release|Any CPU
	EndGlobalSection
	GlobalSection(SolutionProperties) = preSolution
		HideSolutionNode = FALSE
	EndGlobalSection
	GlobalSection(ExtensibilityGlobals) = postSolution
		SolutionGuid = {303942AA-CBD3-4F2F-8154-8D985634A209}
	EndGlobalSection
EndGlobal
